
Microsoft Visual Studio Solution File, Format Version 12.00
# Visual Studio 14
VisualStudioVersion = 14.0.24720.0
MinimumVisualStudioVersion = 10.0.40219.1
Project("{8BC9CEB8-8B4A-11D0-8D11-00A0C91BC942}") = "EhTrace", "EhTrace.vcxproj", "{6C04DFBD-5C9E-4BDE-83BA-5C175237A430}"
EndProject
Project("{2150E333-8FDC-42A3-9474-1A3956D46DE8}") = "prep", "prep", "{D5EE16E0-D702-4B04-A4E2-8E08936466D0}"
EndProject
Project("{8BC9CEB8-8B4A-11D0-8D11-00A0C91BC942}") = "Aprep", "..\prep\Aprep\Aprep.vcxproj", "{4D44329D-2DA4-4834-8403-70444C521B3A}"
EndProject
Project("{8BC9CEB8-8B4A-11D0-8D11-00A0C91BC942}") = "Aload", "prep\Aload\Aload.vcxproj", "{4F53B324-0A13-4FA5-9662-84699C5FD526}"
EndProject
Project("{8BC9CEB8-8B4A-11D0-8D11-00A0C91BC942}") = "Acleanout", "..\Acleanout\Acleanout.vcxproj", "{03959B1C-AE77-434A-BC87-CA7574AD4765}"
EndProject
Project("{2150E333-8FDC-42A3-9474-1A3956D46DE8}") = "vis", "vis", "{0A15C311-1B60-4FF8-89F2-110D09899FEB}"
EndProject
Project("{FAE04EC0-301F-11D3-BF4B-00C04F79EFBC}") = "Amerger", "..\vis\Amerger\Amerger.csproj", "{093EA927-5701-484C-BD7A-4B5EE2AC9D7E}"
EndProject
Global
	GlobalSection(SolutionConfigurationPlatforms) = preSolution
		Debug|Any CPU = Debug|Any CPU
		Debug|x64 = Debug|x64
		Debug|x86 = Debug|x86
		Release|Any CPU = Release|Any CPU
		Release|x64 = Release|x64
		Release|x86 = Release|x86
	EndGlobalSection
	GlobalSection(ProjectConfigurationPlatforms) = postSolution
		{6C04DFBD-5C9E-4BDE-83BA-5C175237A430}.Debug|Any CPU.ActiveCfg = Debug|Win32
		{6C04DFBD-5C9E-4BDE-83BA-5C175237A430}.Debug|x64.ActiveCfg = Debug|x64
		{6C04DFBD-5C9E-4BDE-83BA-5C175237A430}.Debug|x64.Build.0 = Debug|x64
		{6C04DFBD-5C9E-4BDE-83BA-5C175237A430}.Debug|x86.ActiveCfg = Debug|Win32
		{6C04DFBD-5C9E-4BDE-83BA-5C175237A430}.Debug|x86.Build.0 = Debug|Win32
		{6C04DFBD-5C9E-4BDE-83BA-5C175237A430}.Release|Any CPU.ActiveCfg = Release|Win32
		{6C04DFBD-5C9E-4BDE-83BA-5C175237A430}.Release|x64.ActiveCfg = Release|x64
		{6C04DFBD-5C9E-4BDE-83BA-5C175237A430}.Release|x64.Build.0 = Release|x64
		{6C04DFBD-5C9E-4BDE-83BA-5C175237A430}.Release|x86.ActiveCfg = Release|Win32
		{6C04DFBD-5C9E-4BDE-83BA-5C175237A430}.Release|x86.Build.0 = Release|Win32
		{4D44329D-2DA4-4834-8403-70444C521B3A}.Debug|Any CPU.ActiveCfg = Debug|Win32
		{4D44329D-2DA4-4834-8403-70444C521B3A}.Debug|x64.ActiveCfg = Debug|x64
		{4D44329D-2DA4-4834-8403-70444C521B3A}.Debug|x64.Build.0 = Debug|x64
		{4D44329D-2DA4-4834-8403-70444C521B3A}.Debug|x86.ActiveCfg = Debug|Win32
		{4D44329D-2DA4-4834-8403-70444C521B3A}.Debug|x86.Build.0 = Debug|Win32
		{4D44329D-2DA4-4834-8403-70444C521B3A}.Release|Any CPU.ActiveCfg = Release|Win32
		{4D44329D-2DA4-4834-8403-70444C521B3A}.Release|x64.ActiveCfg = Release|x64
		{4D44329D-2DA4-4834-8403-70444C521B3A}.Release|x64.Build.0 = Release|x64
		{4D44329D-2DA4-4834-8403-70444C521B3A}.Release|x86.ActiveCfg = Release|Win32
		{4D44329D-2DA4-4834-8403-70444C521B3A}.Release|x86.Build.0 = Release|Win32
		{4F53B324-0A13-4FA5-9662-84699C5FD526}.Debug|Any CPU.ActiveCfg = Debug|Win32
		{4F53B324-0A13-4FA5-9662-84699C5FD526}.Debug|x64.ActiveCfg = Debug|x64
		{4F53B324-0A13-4FA5-9662-84699C5FD526}.Debug|x64.Build.0 = Debug|x64
		{4F53B324-0A13-4FA5-9662-84699C5FD526}.Debug|x86.ActiveCfg = Debug|Win32
		{4F53B324-0A13-4FA5-9662-84699C5FD526}.Debug|x86.Build.0 = Debug|Win32
		{4F53B324-0A13-4FA5-9662-84699C5FD526}.Release|Any CPU.ActiveCfg = Release|Win32
		{4F53B324-0A13-4FA5-9662-84699C5FD526}.Release|x64.ActiveCfg = Release|x64
		{4F53B324-0A13-4FA5-9662-84699C5FD526}.Release|x64.Build.0 = Release|x64
		{4F53B324-0A13-4FA5-9662-84699C5FD526}.Release|x86.ActiveCfg = Release|Win32
		{4F53B324-0A13-4FA5-9662-84699C5FD526}.Release|x86.Build.0 = Release|Win32
		{03959B1C-AE77-434A-BC87-CA7574AD4765}.Debug|Any CPU.ActiveCfg = Debug|Win32
		{03959B1C-AE77-434A-BC87-CA7574AD4765}.Debug|x64.ActiveCfg = Debug|x64
		{03959B1C-AE77-434A-BC87-CA7574AD4765}.Debug|x64.Build.0 = Debug|x64
		{03959B1C-AE77-434A-BC87-CA7574AD4765}.Debug|x86.ActiveCfg = Debug|Win32
		{03959B1C-AE77-434A-BC87-CA7574AD4765}.Debug|x86.Build.0 = Debug|Win32
		{03959B1C-AE77-434A-BC87-CA7574AD4765}.Release|Any CPU.ActiveCfg = Release|Win32
		{03959B1C-AE77-434A-BC87-CA7574AD4765}.Release|x64.ActiveCfg = Release|x64
		{03959B1C-AE77-434A-BC87-CA7574AD4765}.Release|x64.Build.0 = Release|x64
		{03959B1C-AE77-434A-BC87-CA7574AD4765}.Release|x86.ActiveCfg = Release|Win32
		{03959B1C-AE77-434A-BC87-CA7574AD4765}.Release|x86.Build.0 = Release|Win32
		{093EA927-5701-484C-BD7A-4B5EE2AC9D7E}.Debug|Any CPU.ActiveCfg = Debug|Any CPU
		{093EA927-5701-484C-BD7A-4B5EE2AC9D7E}.Debug|Any CPU.Build.0 = Debug|Any CPU
		{093EA927-5701-484C-BD7A-4B5EE2AC9D7E}.Debug|x64.ActiveCfg = Debug|Any CPU
		{093EA927-5701-484C-BD7A-4B5EE2AC9D7E}.Debug|x64.Build.0 = Debug|Any CPU
		{093EA927-5701-484C-BD7A-4B5EE2AC9D7E}.Debug|x86.ActiveCfg = Debug|Any CPU
		{093EA927-5701-484C-BD7A-4B5EE2AC9D7E}.Debug|x86.Build.0 = Debug|Any CPU
		{093EA927-5701-484C-BD7A-4B5EE2AC9D7E}.Release|Any CPU.ActiveCfg = Release|Any CPU
		{093EA927-5701-484C-BD7A-4B5EE2AC9D7E}.Release|Any CPU.Build.0 = Release|Any CPU
		{093EA927-5701-484C-BD7A-4B5EE2AC9D7E}.Release|x64.ActiveCfg = Release|Any CPU
		{093EA927-5701-484C-BD7A-4B5EE2AC9D7E}.Release|x64.Build.0 = Release|Any CPU
		{093EA927-5701-484C-BD7A-4B5EE2AC9D7E}.Release|x86.ActiveCfg = Release|Any CPU
		{093EA927-5701-484C-BD7A-4B5EE2AC9D7E}.Release|x86.Build.0 = Release|Any CPU
	EndGlobalSection
	GlobalSection(SolutionProperties) = preSolution
		HideSolutionNode = FALSE
	EndGlobalSection
	GlobalSection(NestedProjects) = preSolution
		{4D44329D-2DA4-4834-8403-70444C521B3A} = {D5EE16E0-D702-4B04-A4E2-8E08936466D0}
		{4F53B324-0A13-4FA5-9662-84699C5FD526} = {D5EE16E0-D702-4B04-A4E2-8E08936466D0}
		{03959B1C-AE77-434A-BC87-CA7574AD4765} = {D5EE16E0-D702-4B04-A4E2-8E08936466D0}
		{093EA927-5701-484C-BD7A-4B5EE2AC9D7E} = {0A15C311-1B60-4FF8-89F2-110D09899FEB}
	EndGlobalSection
EndGlobal
