
Microsoft Visual Studio Solution File, Format Version 12.00
# Visual Studio 14
VisualStudioVersion = 14.0.24720.0
MinimumVisualStudioVersion = 10.0.40219.1
Project("{8BC9CEB8-8B4A-11D0-8D11-00A0C91BC942}") = "EhTrace", "EhTrace.vcxproj", "{6C04DFBD-5C9E-4BDE-83BA-5C175237A430}"
EndProject
Project("{2150E333-8FDC-42A3-9474-1A3956D46DE8}") = "prep", "prep", "{D5EE16E0-D702-4B04-A4E2-8E08936466D0}"
EndProject
Project("{8BC9CEB8-8B4A-11D0-8D11-00A0C91BC942}") = "Aprep", "..\prep\Aprep\Aprep.vcxproj", "{4D44329D-2DA4-4834-8403-70444C521B3A}"
EndProject
Project("{2150E333-8FDC-42A3-9474-1A3956D46DE8}") = "vis", "vis", "{0A15C311-1B60-4FF8-89F2-110D09899FEB}"
EndProject
Project("{FAE04EC0-301F-11D3-BF4B-00C04F79EFBC}") = "Amerger", "..\vis\Amerger\Amerger.csproj", "{093EA927-5701-484C-BD7A-4B5EE2AC9D7E}"
EndProject
Project("{FAE04EC0-301F-11D3-BF4B-00C04F79EFBC}") = "WPFx", "..\vis\WPFx\WPFx.csproj", "{DE5172E5-767A-4160-A308-EC750D0EBB3F}"
EndProject
Project("{8BC9CEB8-8B4A-11D0-8D11-00A0C91BC942}") = "Aload", "..\prep\Aload\Aload.vcxproj", "{4F53B324-0A13-4FA5-9662-84699C5FD526}"
EndProject
Project("{8BC9CEB8-8B4A-11D0-8D11-00A0C91BC942}") = "Acleanout", "..\prep\Acleanout\Acleanout.vcxproj", "{03959B1C-AE77-434A-BC87-CA7574AD4765}"
EndProject
Project("{FAE04EC0-301F-11D3-BF4B-00C04F79EFBC}") = "Dia2Sharp", "..\vis\Dia2Sharp\Dia2Sharp.csproj", "{FB72E2EE-7B32-4879-9B2B-35FB3CDF0FCC}"
EndProject
Project("{FAE04EC0-301F-11D3-BF4B-00C04F79EFBC}") = "TestDump2", "..\vis\TestDump2\TestDump2.csproj", "{FEEAC3BE-3B0F-4CED-9640-75DB5BB89AF6}"
EndProject
Project("{8BC9CEB8-8B4A-11D0-8D11-00A0C91BC942}") = "Agasm", "..\prep\Agasm\Agasm.vcxproj", "{42B676B2-F551-49E7-9B3B-BB85B02F15AC}"
EndProject
Project("{FAE04EC0-301F-11D3-BF4B-00C04F79EFBC}") = "TottsA", "..\prep\TottsA\TottsA.csproj", "{B42AA518-62AD-49C7-8976-85E94B1593B5}"
EndProject
Global
	GlobalSection(SolutionConfigurationPlatforms) = preSolution
		Debug|Any CPU = Debug|Any CPU
		Debug|x64 = Debug|x64
		Debug|x86 = Debug|x86
		Release|Any CPU = Release|Any CPU
		Release|x64 = Release|x64
		Release|x86 = Release|x86
	EndGlobalSection
	GlobalSection(ProjectConfigurationPlatforms) = postSolution
		{6C04DFBD-5C9E-4BDE-83BA-5C175237A430}.Debug|Any CPU.ActiveCfg = Debug|Win32
		{6C04DFBD-5C9E-4BDE-83BA-5C175237A430}.Debug|x64.ActiveCfg = Debug|x64
		{6C04DFBD-5C9E-4BDE-83BA-5C175237A430}.Debug|x64.Build.0 = Debug|x64
		{6C04DFBD-5C9E-4BDE-83BA-5C175237A430}.Debug|x86.ActiveCfg = Debug|Win32
		{6C04DFBD-5C9E-4BDE-83BA-5C175237A430}.Debug|x86.Build.0 = Debug|Win32
		{6C04DFBD-5C9E-4BDE-83BA-5C175237A430}.Release|Any CPU.ActiveCfg = Release|Win32
		{6C04DFBD-5C9E-4BDE-83BA-5C175237A430}.Release|x64.ActiveCfg = Release|x64
		{6C04DFBD-5C9E-4BDE-83BA-5C175237A430}.Release|x64.Build.0 = Release|x64
		{6C04DFBD-5C9E-4BDE-83BA-5C175237A430}.Release|x86.ActiveCfg = Release|Win32
		{6C04DFBD-5C9E-4BDE-83BA-5C175237A430}.Release|x86.Build.0 = Release|Win32
		{4D44329D-2DA4-4834-8403-70444C521B3A}.Debug|Any CPU.ActiveCfg = Debug|Win32
		{4D44329D-2DA4-4834-8403-70444C521B3A}.Debug|x64.ActiveCfg = Debug|x64
		{4D44329D-2DA4-4834-8403-70444C521B3A}.Debug|x64.Build.0 = Debug|x64
		{4D44329D-2DA4-4834-8403-70444C521B3A}.Debug|x86.ActiveCfg = Debug|Win32
		{4D44329D-2DA4-4834-8403-70444C521B3A}.Debug|x86.Build.0 = Debug|Win32
		{4D44329D-2DA4-4834-8403-70444C521B3A}.Release|Any CPU.ActiveCfg = Release|Win32
		{4D44329D-2DA4-4834-8403-70444C521B3A}.Release|x64.ActiveCfg = Release|x64
		{4D44329D-2DA4-4834-8403-70444C521B3A}.Release|x64.Build.0 = Release|x64
		{4D44329D-2DA4-4834-8403-70444C521B3A}.Release|x86.ActiveCfg = Release|Win32
		{4D44329D-2DA4-4834-8403-70444C521B3A}.Release|x86.Build.0 = Release|Win32
		{093EA927-5701-484C-BD7A-4B5EE2AC9D7E}.Debug|Any CPU.ActiveCfg = Debug|Any CPU
		{093EA927-5701-484C-BD7A-4B5EE2AC9D7E}.Debug|Any CPU.Build.0 = Debug|Any CPU
		{093EA927-5701-484C-BD7A-4B5EE2AC9D7E}.Debug|x64.ActiveCfg = Debug|Any CPU
		{093EA927-5701-484C-BD7A-4B5EE2AC9D7E}.Debug|x64.Build.0 = Debug|Any CPU
		{093EA927-5701-484C-BD7A-4B5EE2AC9D7E}.Debug|x86.ActiveCfg = Debug|Any CPU
		{093EA927-5701-484C-BD7A-4B5EE2AC9D7E}.Debug|x86.Build.0 = Debug|Any CPU
		{093EA927-5701-484C-BD7A-4B5EE2AC9D7E}.Release|Any CPU.ActiveCfg = Release|Any CPU
		{093EA927-5701-484C-BD7A-4B5EE2AC9D7E}.Release|Any CPU.Build.0 = Release|Any CPU
		{093EA927-5701-484C-BD7A-4B5EE2AC9D7E}.Release|x64.ActiveCfg = Release|Any CPU
		{093EA927-5701-484C-BD7A-4B5EE2AC9D7E}.Release|x64.Build.0 = Release|Any CPU
		{093EA927-5701-484C-BD7A-4B5EE2AC9D7E}.Release|x86.ActiveCfg = Release|Any CPU
		{093EA927-5701-484C-BD7A-4B5EE2AC9D7E}.Release|x86.Build.0 = Release|Any CPU
		{DE5172E5-767A-4160-A308-EC750D0EBB3F}.Debug|Any CPU.ActiveCfg = Debug|Any CPU
		{DE5172E5-767A-4160-A308-EC750D0EBB3F}.Debug|Any CPU.Build.0 = Debug|Any CPU
		{DE5172E5-767A-4160-A308-EC750D0EBB3F}.Debug|x64.ActiveCfg = Debug|Any CPU
		{DE5172E5-767A-4160-A308-EC750D0EBB3F}.Debug|x64.Build.0 = Debug|Any CPU
		{DE5172E5-767A-4160-A308-EC750D0EBB3F}.Debug|x86.ActiveCfg = Debug|Any CPU
		{DE5172E5-767A-4160-A308-EC750D0EBB3F}.Debug|x86.Build.0 = Debug|Any CPU
		{DE5172E5-767A-4160-A308-EC750D0EBB3F}.Release|Any CPU.ActiveCfg = Release|Any CPU
		{DE5172E5-767A-4160-A308-EC750D0EBB3F}.Release|Any CPU.Build.0 = Release|Any CPU
		{DE5172E5-767A-4160-A308-EC750D0EBB3F}.Release|x64.ActiveCfg = Release|Any CPU
		{DE5172E5-767A-4160-A308-EC750D0EBB3F}.Release|x64.Build.0 = Release|Any CPU
		{DE5172E5-767A-4160-A308-EC750D0EBB3F}.Release|x86.ActiveCfg = Release|Any CPU
		{DE5172E5-767A-4160-A308-EC750D0EBB3F}.Release|x86.Build.0 = Release|Any CPU
		{4F53B324-0A13-4FA5-9662-84699C5FD526}.Debug|Any CPU.ActiveCfg = Debug|Win32
		{4F53B324-0A13-4FA5-9662-84699C5FD526}.Debug|x64.ActiveCfg = Debug|x64
		{4F53B324-0A13-4FA5-9662-84699C5FD526}.Debug|x64.Build.0 = Debug|x64
		{4F53B324-0A13-4FA5-9662-84699C5FD526}.Debug|x86.ActiveCfg = Debug|Win32
		{4F53B324-0A13-4FA5-9662-84699C5FD526}.Debug|x86.Build.0 = Debug|Win32
		{4F53B324-0A13-4FA5-9662-84699C5FD526}.Release|Any CPU.ActiveCfg = Release|Win32
		{4F53B324-0A13-4FA5-9662-84699C5FD526}.Release|x64.ActiveCfg = Release|x64
		{4F53B324-0A13-4FA5-9662-84699C5FD526}.Release|x64.Build.0 = Release|x64
		{4F53B324-0A13-4FA5-9662-84699C5FD526}.Release|x86.ActiveCfg = Release|Win32
		{4F53B324-0A13-4FA5-9662-84699C5FD526}.Release|x86.Build.0 = Release|Win32
		{03959B1C-AE77-434A-BC87-CA7574AD4765}.Debug|Any CPU.ActiveCfg = Debug|Win32
		{03959B1C-AE77-434A-BC87-CA7574AD4765}.Debug|x64.ActiveCfg = Debug|x64
		{03959B1C-AE77-434A-BC87-CA7574AD4765}.Debug|x64.Build.0 = Debug|x64
		{03959B1C-AE77-434A-BC87-CA7574AD4765}.Debug|x86.ActiveCfg = Debug|Win32
		{03959B1C-AE77-434A-BC87-CA7574AD4765}.Debug|x86.Build.0 = Debug|Win32
		{03959B1C-AE77-434A-BC87-CA7574AD4765}.Release|Any CPU.ActiveCfg = Release|Win32
		{03959B1C-AE77-434A-BC87-CA7574AD4765}.Release|x64.ActiveCfg = Release|x64
		{03959B1C-AE77-434A-BC87-CA7574AD4765}.Release|x64.Build.0 = Release|x64
		{03959B1C-AE77-434A-BC87-CA7574AD4765}.Release|x86.ActiveCfg = Release|Win32
		{03959B1C-AE77-434A-BC87-CA7574AD4765}.Release|x86.Build.0 = Release|Win32
		{FB72E2EE-7B32-4879-9B2B-35FB3CDF0FCC}.Debug|Any CPU.ActiveCfg = Debug|Any CPU
		{FB72E2EE-7B32-4879-9B2B-35FB3CDF0FCC}.Debug|Any CPU.Build.0 = Debug|Any CPU
		{FB72E2EE-7B32-4879-9B2B-35FB3CDF0FCC}.Debug|x64.ActiveCfg = Debug|x64
		{FB72E2EE-7B32-4879-9B2B-35FB3CDF0FCC}.Debug|x64.Build.0 = Debug|x64
		{FB72E2EE-7B32-4879-9B2B-35FB3CDF0FCC}.Debug|x86.ActiveCfg = Debug|Any CPU
		{FB72E2EE-7B32-4879-9B2B-35FB3CDF0FCC}.Debug|x86.Build.0 = Debug|Any CPU
		{FB72E2EE-7B32-4879-9B2B-35FB3CDF0FCC}.Release|Any CPU.ActiveCfg = Release|Any CPU
		{FB72E2EE-7B32-4879-9B2B-35FB3CDF0FCC}.Release|Any CPU.Build.0 = Release|Any CPU
		{FB72E2EE-7B32-4879-9B2B-35FB3CDF0FCC}.Release|x64.ActiveCfg = Release|x64
		{FB72E2EE-7B32-4879-9B2B-35FB3CDF0FCC}.Release|x64.Build.0 = Release|x64
		{FB72E2EE-7B32-4879-9B2B-35FB3CDF0FCC}.Release|x86.ActiveCfg = Release|Any CPU
		{FB72E2EE-7B32-4879-9B2B-35FB3CDF0FCC}.Release|x86.Build.0 = Release|Any CPU
		{FEEAC3BE-3B0F-4CED-9640-75DB5BB89AF6}.Debug|Any CPU.ActiveCfg = Debug|Any CPU
		{FEEAC3BE-3B0F-4CED-9640-75DB5BB89AF6}.Debug|Any CPU.Build.0 = Debug|Any CPU
		{FEEAC3BE-3B0F-4CED-9640-75DB5BB89AF6}.Debug|x64.ActiveCfg = Debug|x64
		{FEEAC3BE-3B0F-4CED-9640-75DB5BB89AF6}.Debug|x64.Build.0 = Debug|x64
		{FEEAC3BE-3B0F-4CED-9640-75DB5BB89AF6}.Debug|x86.ActiveCfg = Debug|Any CPU
		{FEEAC3BE-3B0F-4CED-9640-75DB5BB89AF6}.Debug|x86.Build.0 = Debug|Any CPU
		{FEEAC3BE-3B0F-4CED-9640-75DB5BB89AF6}.Release|Any CPU.ActiveCfg = Release|Any CPU
		{FEEAC3BE-3B0F-4CED-9640-75DB5BB89AF6}.Release|Any CPU.Build.0 = Release|Any CPU
		{FEEAC3BE-3B0F-4CED-9640-75DB5BB89AF6}.Release|x64.ActiveCfg = Release|x64
		{FEEAC3BE-3B0F-4CED-9640-75DB5BB89AF6}.Release|x64.Build.0 = Release|x64
		{FEEAC3BE-3B0F-4CED-9640-75DB5BB89AF6}.Release|x86.ActiveCfg = Release|Any CPU
		{FEEAC3BE-3B0F-4CED-9640-75DB5BB89AF6}.Release|x86.Build.0 = Release|Any CPU
		{42B676B2-F551-49E7-9B3B-BB85B02F15AC}.Debug|Any CPU.ActiveCfg = Debug|Win32
		{42B676B2-F551-49E7-9B3B-BB85B02F15AC}.Debug|x64.ActiveCfg = Debug|x64
		{42B676B2-F551-49E7-9B3B-BB85B02F15AC}.Debug|x64.Build.0 = Debug|x64
		{42B676B2-F551-49E7-9B3B-BB85B02F15AC}.Debug|x86.ActiveCfg = Debug|Win32
		{42B676B2-F551-49E7-9B3B-BB85B02F15AC}.Debug|x86.Build.0 = Debug|Win32
		{42B676B2-F551-49E7-9B3B-BB85B02F15AC}.Release|Any CPU.ActiveCfg = Release|Win32
		{42B676B2-F551-49E7-9B3B-BB85B02F15AC}.Release|x64.ActiveCfg = Release|x64
		{42B676B2-F551-49E7-9B3B-BB85B02F15AC}.Release|x64.Build.0 = Release|x64
		{42B676B2-F551-49E7-9B3B-BB85B02F15AC}.Release|x86.ActiveCfg = Release|Win32
		{42B676B2-F551-49E7-9B3B-BB85B02F15AC}.Release|x86.Build.0 = Release|Win32
		{B42AA518-62AD-49C7-8976-85E94B1593B5}.Debug|Any CPU.ActiveCfg = Debug|Any CPU
		{B42AA518-62AD-49C7-8976-85E94B1593B5}.Debug|Any CPU.Build.0 = Debug|Any CPU
		{B42AA518-62AD-49C7-8976-85E94B1593B5}.Debug|x64.ActiveCfg = Debug|Any CPU
		{B42AA518-62AD-49C7-8976-85E94B1593B5}.Debug|x64.Build.0 = Debug|Any CPU
		{B42AA518-62AD-49C7-8976-85E94B1593B5}.Debug|x86.ActiveCfg = Debug|Any CPU
		{B42AA518-62AD-49C7-8976-85E94B1593B5}.Debug|x86.Build.0 = Debug|Any CPU
		{B42AA518-62AD-49C7-8976-85E94B1593B5}.Release|Any CPU.ActiveCfg = Release|Any CPU
		{B42AA518-62AD-49C7-8976-85E94B1593B5}.Release|Any CPU.Build.0 = Release|Any CPU
		{B42AA518-62AD-49C7-8976-85E94B1593B5}.Release|x64.ActiveCfg = Release|Any CPU
		{B42AA518-62AD-49C7-8976-85E94B1593B5}.Release|x64.Build.0 = Release|Any CPU
		{B42AA518-62AD-49C7-8976-85E94B1593B5}.Release|x86.ActiveCfg = Release|Any CPU
		{B42AA518-62AD-49C7-8976-85E94B1593B5}.Release|x86.Build.0 = Release|Any CPU
	EndGlobalSection
	GlobalSection(SolutionProperties) = preSolution
		HideSolutionNode = FALSE
	EndGlobalSection
	GlobalSection(NestedProjects) = preSolution
		{4D44329D-2DA4-4834-8403-70444C521B3A} = {D5EE16E0-D702-4B04-A4E2-8E08936466D0}
		{093EA927-5701-484C-BD7A-4B5EE2AC9D7E} = {0A15C311-1B60-4FF8-89F2-110D09899FEB}
		{DE5172E5-767A-4160-A308-EC750D0EBB3F} = {0A15C311-1B60-4FF8-89F2-110D09899FEB}
		{4F53B324-0A13-4FA5-9662-84699C5FD526} = {D5EE16E0-D702-4B04-A4E2-8E08936466D0}
		{03959B1C-AE77-434A-BC87-CA7574AD4765} = {D5EE16E0-D702-4B04-A4E2-8E08936466D0}
		{FB72E2EE-7B32-4879-9B2B-35FB3CDF0FCC} = {0A15C311-1B60-4FF8-89F2-110D09899FEB}
		{FEEAC3BE-3B0F-4CED-9640-75DB5BB89AF6} = {0A15C311-1B60-4FF8-89F2-110D09899FEB}
		{42B676B2-F551-49E7-9B3B-BB85B02F15AC} = {D5EE16E0-D702-4B04-A4E2-8E08936466D0}
		{B42AA518-62AD-49C7-8976-85E94B1593B5} = {D5EE16E0-D702-4B04-A4E2-8E08936466D0}
	EndGlobalSection
EndGlobal
